{
  "name": "@gaiadesk/sdk",
  "version": "0.1.0",
  "lockfileVersion": 3,
  "requires": true,
  "packages": {
    "": {
      "name": "@gaiadesk/sdk",
      "version": "0.1.0",
      "license": "MIT",
      "dependencies": {
        "@noble/ciphers": "^1.3.0"
      },
      "devDependencies": {
        "@types/node": "^18.19.0",
        "typescript": "^5.6.0"
      },
      "engines": {
        "node": ">=18"
      },
      "optionalDependencies": {
        "@gaiadesk/cli": "^0.10.324",
        "@gaiadesk/sdk-native": "^0.10.323"
      }
    },
    "node_modules/@gaiadesk/cli": {
      "version": "0.10.328",
      "resolved": "https://registry.npmjs.org/@gaiadesk/cli/-/cli-0.10.328.tgz",
      "integrity": "sha512-qCXmUy9qZmIMRw9YDzA+KxCs9hqE2NOpvV1xPUkyjZOgjrWYM/Y791gYVC0jm7wqnW/Jp3ZUHZolA7ks5n65VQ==",
      "license": "SEE LICENSE IN LICENSE",
      "optional": true,
      "bin": {
        "gaiadesk": "dist/launcher.js",
        "gaiadesk-cli": "dist/launcher.js"
      },
      "engines": {
        "node": ">=18"
      },
      "optionalDependencies": {
        "@gaiadesk/cli-darwin-arm64": "0.10.328",
        "@gaiadesk/cli-darwin-x64": "0.10.328",
        "@gaiadesk/cli-linux-arm64-gnu": "0.10.328",
        "@gaiadesk/cli-linux-x64-gnu": "0.10.328",
        "@gaiadesk/cli-win32-x64-msvc": "0.10.328"
      }
    },
    "node_modules/@gaiadesk/cli-darwin-arm64": {
      "version": "0.10.328",
      "resolved": "https://registry.npmjs.org/@gaiadesk/cli-darwin-arm64/-/cli-darwin-arm64-0.10.328.tgz",
      "integrity": "sha512-0AgH3T7piETF7dCfd1d6KjaQX1vl8+V1vsrcdA1J7rtQTvEynK2ejmWD2PwLoZKUxyNVLdXtr+ozYhR0xePfuQ==",
      "cpu": [
        "arm64"
      ],
      "license": "SEE LICENSE IN LICENSE",
      "optional": true,
      "os": [
        "darwin"
      ]
    },
    "node_modules/@gaiadesk/cli-darwin-x64": {
      "version": "0.10.328",
      "resolved": "https://registry.npmjs.org/@gaiadesk/cli-darwin-x64/-/cli-darwin-x64-0.10.328.tgz",
      "integrity": "sha512-107W1JBbR3zsLDNJKNRR7cdc1/hDmNSmn8osq0WKQzu/IGY95a3RWDF/bRJGbq2EMtuKBFNQV3kI+HE+g4XFbw==",
      "cpu": [
        "x64"
      ],
      "license": "SEE LICENSE IN LICENSE",
      "optional": true,
      "os": [
        "darwin"
      ]
    },
    "node_modules/@gaiadesk/cli-linux-arm64-gnu": {
      "version": "0.10.328",
      "resolved": "https://registry.npmjs.org/@gaiadesk/cli-linux-arm64-gnu/-/cli-linux-arm64-gnu-0.10.328.tgz",
      "integrity": "sha512-tY75HaC/4QEtS5+BDSowZD0dxkM2SpohzXak65AzosoDAiGSnJtI8VP8ObuQsvKI6YLJhfp6MGhKiuEGbmapsA==",
      "cpu": [
        "arm64"
      ],
      "libc": [
        "glibc"
      ],
      "license": "SEE LICENSE IN LICENSE",
      "optional": true,
      "os": [
        "linux"
      ]
    },
    "node_modules/@gaiadesk/cli-linux-x64-gnu": {
      "version": "0.10.328",
      "resolved": "https://registry.npmjs.org/@gaiadesk/cli-linux-x64-gnu/-/cli-linux-x64-gnu-0.10.328.tgz",
      "integrity": "sha512-1IShPR4eDCG5P0WwNrpqQ5mZv+pJB3M/I0gh9VqLFrtWXB6NBPXPv5U0sTBbFpt1t/09UubbbCkOIttAi+Ljqg==",
      "cpu": [
        "x64"
      ],
      "libc": [
        "glibc"
      ],
      "license": "SEE LICENSE IN LICENSE",
      "optional": true,
      "os": [
        "linux"
      ]
    },
    "node_modules/@gaiadesk/cli-win32-x64-msvc": {
      "version": "0.10.328",
      "resolved": "https://registry.npmjs.org/@gaiadesk/cli-win32-x64-msvc/-/cli-win32-x64-msvc-0.10.328.tgz",
      "integrity": "sha512-CXxjlWMGiHJh6iYvR5cyNbc2DgzzZOg7nks08Aw6qH589Xw+ZKoCyxGJ8anVKZy0QzSIlpXjyiMZV6Sa+NP3qw==",
      "cpu": [
        "x64"
      ],
      "license": "SEE LICENSE IN LICENSE",
      "optional": true,
      "os": [
        "win32"
      ]
    },
    "node_modules/@gaiadesk/sdk-native": {
      "version": "0.10.328",
      "resolved": "https://registry.npmjs.org/@gaiadesk/sdk-native/-/sdk-native-0.10.328.tgz",
      "integrity": "sha512-bSRRpstw7moLk34QobSufcVfBGdI+0OJvmbjpOAnixhWPWucbX8LnD9ZYfDJRNSvgF/I3UV7EkQFxYIM0z6BcQ==",
      "license": "SEE LICENSE IN LICENSE",
      "optional": true,
      "engines": {
        "node": ">=18"
      },
      "optionalDependencies": {
        "@gaiadesk/sdk-native-darwin-arm64": "0.10.328",
        "@gaiadesk/sdk-native-darwin-x64": "0.10.328",
        "@gaiadesk/sdk-native-linux-arm64-gnu": "0.10.328",
        "@gaiadesk/sdk-native-linux-x64-gnu": "0.10.328",
        "@gaiadesk/sdk-native-win32-x64-msvc": "0.10.328"
      }
    },
    "node_modules/@gaiadesk/sdk-native-darwin-arm64": {
      "version": "0.10.328",
      "resolved": "https://registry.npmjs.org/@gaiadesk/sdk-native-darwin-arm64/-/sdk-native-darwin-arm64-0.10.328.tgz",
      "integrity": "sha512-afvrvu+je4gpY533faOtAETBGniNxpafff9RgGG4649pTjG4h+Dh9LrAjk9Z9MZwnS8wMAZrjoqCq4kL+qVPVQ==",
      "cpu": [
        "arm64"
      ],
      "license": "SEE LICENSE IN LICENSE",
      "optional": true,
      "os": [
        "darwin"
      ],
      "engines": {
        "node": ">=18"
      }
    },
    "node_modules/@gaiadesk/sdk-native-darwin-x64": {
      "version": "0.10.328",
      "resolved": "https://registry.npmjs.org/@gaiadesk/sdk-native-darwin-x64/-/sdk-native-darwin-x64-0.10.328.tgz",
      "integrity": "sha512-O/sbEiqfudGpxwYAL0xOckRXHUVImz0G5GzPe5TqzvY8YvIRTxDGAlfoM8SHSAOJ0+V7D+UQhs7bQ8NxgeJOFw==",
      "cpu": [
        "x64"
      ],
      "license": "SEE LICENSE IN LICENSE",
      "optional": true,
      "os": [
        "darwin"
      ],
      "engines": {
        "node": ">=18"
      }
    },
    "node_modules/@gaiadesk/sdk-native-linux-arm64-gnu": {
      "version": "0.10.328",
      "resolved": "https://registry.npmjs.org/@gaiadesk/sdk-native-linux-arm64-gnu/-/sdk-native-linux-arm64-gnu-0.10.328.tgz",
      "integrity": "sha512-rKcvbvKsvw/DLA0H14UdU9O/Lxnu/bmgTBk7PmrqgbK5HVNG2jN7+Fj30BJkez5O9A4dDMUQ1ZhjmUTMcyO9Dg==",
      "cpu": [
        "arm64"
      ],
      "libc": [
        "glibc"
      ],
      "license": "SEE LICENSE IN LICENSE",
      "optional": true,
      "os": [
        "linux"
      ],
      "engines": {
        "node": ">=18"
      }
    },
    "node_modules/@gaiadesk/sdk-native-linux-x64-gnu": {
      "version": "0.10.328",
      "resolved": "https://registry.npmjs.org/@gaiadesk/sdk-native-linux-x64-gnu/-/sdk-native-linux-x64-gnu-0.10.328.tgz",
      "integrity": "sha512-a421CXc2ZHwjn4MpobeWGg0PTDMTVVeI5VXvkdSBtTaq808yVlk1G3iyG5QXKSkdkAwlDYeD0xEPJmPCd20bvQ==",
      "cpu": [
        "x64"
      ],
      "libc": [
        "glibc"
      ],
      "license": "SEE LICENSE IN LICENSE",
      "optional": true,
      "os": [
        "linux"
      ],
      "engines": {
        "node": ">=18"
      }
    },
    "node_modules/@gaiadesk/sdk-native-win32-x64-msvc": {
      "version": "0.10.328",
      "resolved": "https://registry.npmjs.org/@gaiadesk/sdk-native-win32-x64-msvc/-/sdk-native-win32-x64-msvc-0.10.328.tgz",
      "integrity": "sha512-zqTgwVcf7CRrxidYm8gq3qkFVI9NeNqTRc8hvmtBnqkNqN9GwUakjd652Wf/U5P77f1zR2uPSqEmnNxs/yHxPg==",
      "cpu": [
        "x64"
      ],
      "license": "SEE LICENSE IN LICENSE",
      "optional": true,
      "os": [
        "win32"
      ],
      "engines": {
        "node": ">=18"
      }
    },
    "node_modules/@noble/ciphers": {
      "version": "1.3.0",
      "resolved": "https://registry.npmjs.org/@noble/ciphers/-/ciphers-1.3.0.tgz",
      "integrity": "sha512-2I0gnIVPtfnMw9ee9h1dJG7tp81+8Ob3OJb3Mv37rx5L40/b0i7djjCVvGOVqc9AEIQyvyu1i6ypKdFw8R8gQw==",
      "license": "MIT",
      "engines": {
        "node": "^14.21.3 || >=16"
      },
      "funding": {
        "url": "https://paulmillr.com/funding/"
      }
    },
    "node_modules/@types/node": {
      "version": "18.19.130",
      "resolved": "https://registry.npmjs.org/@types/node/-/node-18.19.130.tgz",
      "integrity": "sha512-GRaXQx6jGfL8sKfaIDD6OupbIHBr9jv7Jnaml9tB7l4v068PAOXqfcujMMo5PhbIs6ggR1XODELqahT2R8v0fg==",
      "dev": true,
      "license": "MIT",
      "dependencies": {
        "undici-types": "~5.26.4"
      }
    },
    "node_modules/typescript": {
      "version": "5.9.3",
      "resolved": "https://registry.npmjs.org/typescript/-/typescript-5.9.3.tgz",
      "integrity": "sha512-jl1vZzPDinLr9eUt3J/t7V6FgNEw9QjvBPdysz9KfQDD41fQrC2Y4vKQdiaUpFT4bXlb1RHhLpp8wtm6M5TgSw==",
      "dev": true,
      "license": "Apache-2.0",
      "bin": {
        "tsc": "bin/tsc",
        "tsserver": "bin/tsserver"
      },
      "engines": {
        "node": ">=14.17"
      }
    },
    "node_modules/undici-types": {
      "version": "5.26.5",
      "resolved": "https://registry.npmjs.org/undici-types/-/undici-types-5.26.5.tgz",
      "integrity": "sha512-JlCMO+ehdEIKqlFxk6IfVoAUVmgz7cU7zD/h9XZ0qzeosSHmUJVOzSQvvYSYWXkFXC+IfLKSIffhv0sVZup6pA==",
      "dev": true,
      "license": "MIT"
    }
  }
}
